{
  "name": "n3-transform",
  "version": "1.0.3",
  "lockfileVersion": 1,
  "requires": true,
  "dependencies": {
    "clone": {
      "version": "1.0.4",
      "resolved": "https://registry.npmjs.org/clone/-/clone-1.0.4.tgz",
      "integrity": "sha1-2jCcwmPfFZlMaIypAheco8fNfH4="
    },
    "coffee-script": {
      "version": "1.12.7",
      "resolved": "https://registry.npmjs.org/coffee-script/-/coffee-script-1.12.7.tgz",
      "integrity": "sha512-fLeEhqwymYat/MpTPUjSKHVYYl0ec2mOyALEMLmzr5i1isuG+6jfI2j2d5oBO3VIzgUXgBVIcOT9uH1TFxBckw=="
    },
    "defaults": {
      "version": "1.0.3",
      "resolved": "https://registry.npmjs.org/defaults/-/defaults-1.0.3.tgz",
      "integrity": "sha1-xlYFHpgX2f8I7YgUd/P+QBnz730=",
      "requires": {
        "clone": "^1.0.2"
      }
    },
    "n3": {
      "version": "0.10.0",
      "resolved": "https://registry.npmjs.org/n3/-/n3-0.10.0.tgz",
      "integrity": "sha1-df0Q8Ids3RdJ/IWRgfJmcUZ9TWM="
    },
    "pad": {
      "version": "1.2.1",
      "resolved": "https://registry.npmjs.org/pad/-/pad-1.2.1.tgz",
      "integrity": "sha512-cx/l/K+9UjGXJmoYolvP0l3cEUyB9BUdUL3wj3uwskIiApboLsinvsXxU9nSNg9Luz2ZyH0zzJNbqgLSNtfIDw==",
      "requires": {
        "coffee-script": "^1.12.7",
        "wcwidth": "^1.0.1"
      }
    },
    "parameters": {
      "version": "0.1.6",
      "resolved": "https://registry.npmjs.org/parameters/-/parameters-0.1.6.tgz",
      "integrity": "sha1-sy13H7WeDssBx03x/SNJo5CD2Wo=",
      "requires": {
        "pad": "^1.0.0"
      }
    },
    "wcwidth": {
      "version": "1.0.1",
      "resolved": "https://registry.npmjs.org/wcwidth/-/wcwidth-1.0.1.tgz",
      "integrity": "sha1-8LDc+RW8X/FSivrbLA4XtTLaL+g=",
      "requires": {
        "defaults": "^1.0.3"
      }
    }
  }
}
